
Microsoft Visual Studio Solution File, Format Version 12.00
# Visual Studio Version 16
VisualStudioVersion = 16.0.32630.194
MinimumVisualStudioVersion = 10.0.40219.1
Project("{FAE04EC0-301F-11D3-BF4B-00C04F79EFBC}") = "Currency_Converter", "Currency_Converter\Currency_Converter.csproj", "{FDD8E87D-29D2-4559-8A9F-D58A47090468}"
EndProject
Global
	GlobalSection(SolutionConfigurationPlatforms) = preSolution
		Debug|Any CPU = Debug|Any CPU
		Release|Any CPU = Release|Any CPU
	EndGlobalSection
	GlobalSection(ProjectConfigurationPlatforms) = postSolution
		{FDD8E87D-29D2-4559-8A9F-D58A47090468}.Debug|Any CPU.ActiveCfg = Debug|Any CPU
		{FDD8E87D-29D2-4559-8A9F-D58A47090468}.Debug|Any CPU.Build.0 = Debug|Any CPU
		{FDD8E87D-29D2-4559-8A9F-D58A47090468}.Release|Any CPU.ActiveCfg = Release|Any CPU
		{FDD8E87D-29D2-4559-8A9F-D58A47090468}.Release|Any CPU.Build.0 = Release|Any CPU
	EndGlobalSection
	GlobalSection(SolutionProperties) = preSolution
		HideSolutionNode = FALSE
	EndGlobalSection
	GlobalSection(ExtensibilityGlobals) = postSolution
		SolutionGuid = {FFA53A3F-2A8E-4C47-B541-E1585941C6EC}
	EndGlobalSection
EndGlobal
